
Microsoft Visual Studio Solution File, Format Version 12.00
# Visual Studio 15
VisualStudioVersion = 15.0.27130.2010
MinimumVisualStudioVersion = 10.0.40219.1
Project("{2150E333-8FDC-42A3-9474-1A3956D46DE8}") = "2. Domain", "2. Domain", "{AB546BB2-E106-46E2-B159-94F83F315C08}"
EndProject
Project("{2150E333-8FDC-42A3-9474-1A3956D46DE8}") = "3. Application", "3. Application", "{C5AA9B72-ED58-40B7-BCDE-B72929CB781C}"
EndProject
Project("{2150E333-8FDC-42A3-9474-1A3956D46DE8}") = "4. Infrastructure", "4. Infrastructure", "{8680D5C8-457A-4EE8-9F18-518F4120A2FE}"
EndProject
Project("{2150E333-8FDC-42A3-9474-1A3956D46DE8}") = "5. Presentation", "5. Presentation", "{5C362B23-8D3A-4A34-A664-F029524880D6}"
EndProject
Project("{2150E333-8FDC-42A3-9474-1A3956D46DE8}") = "6. Tests", "6. Tests", "{CF97AA6C-DEC8-4A88-95E5-5C37C178EB1F}"
EndProject
Project("{FAE04EC0-301F-11D3-BF4B-00C04F79EFBC}") = "ygo-scheduled-tasks.domain", "src\Domain\ygo-scheduled-tasks.domain\ygo-scheduled-tasks.domain.csproj", "{E812E143-5508-4715-A545-F4FBB2A88359}"
EndProject
Project("{FAE04EC0-301F-11D3-BF4B-00C04F79EFBC}") = "ygo-scheduled-tasks.application", "src\Application\ygo-scheduled-tasks.application\ygo-scheduled-tasks.application.csproj", "{141A894B-B936-45CE-A687-1470AECAC86B}"
EndProject
Project("{FAE04EC0-301F-11D3-BF4B-00C04F79EFBC}") = "ygo-scheduled-tasks.cardinformation", "src\Presentation\ygo-scheduled-tasks.cardinformation\ygo-scheduled-tasks.cardinformation.csproj", "{2077BD86-8D0B-48DF-A531-C352CC5AE64D}"
EndProject
Project("{FAE04EC0-301F-11D3-BF4B-00C04F79EFBC}") = "ygo-scheduled-tasks.application.unit.tests", "tests\unit\ygo-scheduled-tasks.application.unit.tests\ygo-scheduled-tasks.application.unit.tests.csproj", "{BEF50A78-B645-4A17-93BF-1B4836DBB5A6}"
EndProject
Project("{FAE04EC0-301F-11D3-BF4B-00C04F79EFBC}") = "ygo-scheduled-tasks.infrastructure", "src\Infrastructure\ygo-scheduled-tasks.infrastructure\ygo-scheduled-tasks.infrastructure.csproj", "{9C8FCE93-DD43-4DAA-BA8D-BE4A09A1B737}"
EndProject
Project("{FAE04EC0-301F-11D3-BF4B-00C04F79EFBC}") = "ygo-scheduled-tasks.core", "src\Core\ygo-scheduled-tasks.core\ygo-scheduled-tasks.core.csproj", "{9378E7AF-1830-4AE1-AC8F-91AC4D06ACA2}"
EndProject
Project("{2150E333-8FDC-42A3-9474-1A3956D46DE8}") = "1. Core", "1. Core", "{CD83C71B-2163-4E92-8F0B-A044082D8E03}"
EndProject
Project("{FAE04EC0-301F-11D3-BF4B-00C04F79EFBC}") = "ygo-scheduled-tasks.domain.integration.tests", "tests\integration\ygo-scheduled-tasks.domain.integration.tests\ygo-scheduled-tasks.domain.integration.tests.csproj", "{36472FFE-597B-44B1-A47C-7B147F4EA12F}"
EndProject
Project("{FAE04EC0-301F-11D3-BF4B-00C04F79EFBC}") = "ygo-scheduled-tasks.domain.unit.tests", "tests\unit\ygo-scheduled-tasks.domain.unit.tests\ygo-scheduled-tasks.domain.unit.tests.csproj", "{CA49C44C-EFE1-4C7E-AEE8-1DD9421E077A}"
EndProject
Project("{2150E333-8FDC-42A3-9474-1A3956D46DE8}") = "Unit", "Unit", "{20431B56-480D-462E-A720-17916BC26CE4}"
EndProject
Project("{2150E333-8FDC-42A3-9474-1A3956D46DE8}") = "Integration", "Integration", "{5E968FB3-8803-494A-8624-888BD03AD9C3}"
EndProject
Project("{FAE04EC0-301F-11D3-BF4B-00C04F79EFBC}") = "ygo-scheduled-tasks.application.integration.tests", "tests\integration\ygo-scheduled-tasks.application.integration.tests\ygo-scheduled-tasks.application.integration.tests.csproj", "{9C701483-52FA-43B2-B3DD-64796A5B559C}"
EndProject
Project("{FAE04EC0-301F-11D3-BF4B-00C04F79EFBC}") = "ygo-scheduled-tasks.latestbanlists", "src\Presentation\ygo-scheduled-tasks.latestbanlists\ygo-scheduled-tasks.latestbanlists.csproj", "{4BA1ECCD-6D7C-43BB-978D-091FB09506A2}"
EndProject
Project("{FAE04EC0-301F-11D3-BF4B-00C04F79EFBC}") = "ygo-scheduled-tasks.archetypes", "src\Presentation\ygo-scheduled-tasks.archetypes\ygo-scheduled-tasks.archetypes.csproj", "{3BA8C481-9C52-40C2-B7A6-5A29D23E2659}"
EndProject
Project("{FAE04EC0-301F-11D3-BF4B-00C04F79EFBC}") = "ygo-scheduled-tasks.infrastructure.unit.tests", "tests\unit\ygo-scheduled-tasks.infrastructure.unit.tests\ygo-scheduled-tasks.infrastructure.unit.tests.csproj", "{036E3C69-0384-45D1-8391-E2E934542206}"
EndProject
Project("{FAE04EC0-301F-11D3-BF4B-00C04F79EFBC}") = "ygo-scheduled-tasks.tips", "src\Presentation\ygo-scheduled-tasks.tips\ygo-scheduled-tasks.tips.csproj", "{3774B2A5-EDEF-4DCE-887A-24F13D692C9B}"
EndProject
Project("{FAE04EC0-301F-11D3-BF4B-00C04F79EFBC}") = "ygo-scheduled-tasks.rulings", "src\Presentation\ygo-scheduled-tasks.rulings\ygo-scheduled-tasks.rulings.csproj", "{781FEA55-6D11-431F-A0D2-8E6F662D5211}"
EndProject
Project("{FAE04EC0-301F-11D3-BF4B-00C04F79EFBC}") = "ygo-scheduled-tasks.trivia", "src\Presentation\ygo-scheduled-tasks.trivia\ygo-scheduled-tasks.trivia.csproj", "{CE494656-57A7-4B1A-A762-FDEEE0CBC1A9}"
EndProject
Global
	GlobalSection(SolutionConfigurationPlatforms) = preSolution
		Debug|Any CPU = Debug|Any CPU
		Release|Any CPU = Release|Any CPU
	EndGlobalSection
	GlobalSection(ProjectConfigurationPlatforms) = postSolution
		{E812E143-5508-4715-A545-F4FBB2A88359}.Debug|Any CPU.ActiveCfg = Debug|Any CPU
		{E812E143-5508-4715-A545-F4FBB2A88359}.Debug|Any CPU.Build.0 = Debug|Any CPU
		{E812E143-5508-4715-A545-F4FBB2A88359}.Release|Any CPU.ActiveCfg = Release|Any CPU
		{E812E143-5508-4715-A545-F4FBB2A88359}.Release|Any CPU.Build.0 = Release|Any CPU
		{141A894B-B936-45CE-A687-1470AECAC86B}.Debug|Any CPU.ActiveCfg = Debug|Any CPU
		{141A894B-B936-45CE-A687-1470AECAC86B}.Debug|Any CPU.Build.0 = Debug|Any CPU
		{141A894B-B936-45CE-A687-1470AECAC86B}.Release|Any CPU.ActiveCfg = Release|Any CPU
		{141A894B-B936-45CE-A687-1470AECAC86B}.Release|Any CPU.Build.0 = Release|Any CPU
		{2077BD86-8D0B-48DF-A531-C352CC5AE64D}.Debug|Any CPU.ActiveCfg = Debug|Any CPU
		{2077BD86-8D0B-48DF-A531-C352CC5AE64D}.Debug|Any CPU.Build.0 = Debug|Any CPU
		{2077BD86-8D0B-48DF-A531-C352CC5AE64D}.Release|Any CPU.ActiveCfg = Release|Any CPU
		{2077BD86-8D0B-48DF-A531-C352CC5AE64D}.Release|Any CPU.Build.0 = Release|Any CPU
		{BEF50A78-B645-4A17-93BF-1B4836DBB5A6}.Debug|Any CPU.ActiveCfg = Debug|Any CPU
		{BEF50A78-B645-4A17-93BF-1B4836DBB5A6}.Debug|Any CPU.Build.0 = Debug|Any CPU
		{BEF50A78-B645-4A17-93BF-1B4836DBB5A6}.Release|Any CPU.ActiveCfg = Release|Any CPU
		{BEF50A78-B645-4A17-93BF-1B4836DBB5A6}.Release|Any CPU.Build.0 = Release|Any CPU
		{9C8FCE93-DD43-4DAA-BA8D-BE4A09A1B737}.Debug|Any CPU.ActiveCfg = Debug|Any CPU
		{9C8FCE93-DD43-4DAA-BA8D-BE4A09A1B737}.Debug|Any CPU.Build.0 = Debug|Any CPU
		{9C8FCE93-DD43-4DAA-BA8D-BE4A09A1B737}.Release|Any CPU.ActiveCfg = Release|Any CPU
		{9C8FCE93-DD43-4DAA-BA8D-BE4A09A1B737}.Release|Any CPU.Build.0 = Release|Any CPU
		{9378E7AF-1830-4AE1-AC8F-91AC4D06ACA2}.Debug|Any CPU.ActiveCfg = Debug|Any CPU
		{9378E7AF-1830-4AE1-AC8F-91AC4D06ACA2}.Debug|Any CPU.Build.0 = Debug|Any CPU
		{9378E7AF-1830-4AE1-AC8F-91AC4D06ACA2}.Release|Any CPU.ActiveCfg = Release|Any CPU
		{9378E7AF-1830-4AE1-AC8F-91AC4D06ACA2}.Release|Any CPU.Build.0 = Release|Any CPU
		{36472FFE-597B-44B1-A47C-7B147F4EA12F}.Debug|Any CPU.ActiveCfg = Debug|Any CPU
		{36472FFE-597B-44B1-A47C-7B147F4EA12F}.Debug|Any CPU.Build.0 = Debug|Any CPU
		{36472FFE-597B-44B1-A47C-7B147F4EA12F}.Release|Any CPU.ActiveCfg = Release|Any CPU
		{36472FFE-597B-44B1-A47C-7B147F4EA12F}.Release|Any CPU.Build.0 = Release|Any CPU
		{CA49C44C-EFE1-4C7E-AEE8-1DD9421E077A}.Debug|Any CPU.ActiveCfg = Debug|Any CPU
		{CA49C44C-EFE1-4C7E-AEE8-1DD9421E077A}.Debug|Any CPU.Build.0 = Debug|Any CPU
		{CA49C44C-EFE1-4C7E-AEE8-1DD9421E077A}.Release|Any CPU.ActiveCfg = Release|Any CPU
		{CA49C44C-EFE1-4C7E-AEE8-1DD9421E077A}.Release|Any CPU.Build.0 = Release|Any CPU
		{9C701483-52FA-43B2-B3DD-64796A5B559C}.Debug|Any CPU.ActiveCfg = Debug|Any CPU
		{9C701483-52FA-43B2-B3DD-64796A5B559C}.Debug|Any CPU.Build.0 = Debug|Any CPU
		{9C701483-52FA-43B2-B3DD-64796A5B559C}.Release|Any CPU.ActiveCfg = Release|Any CPU
		{9C701483-52FA-43B2-B3DD-64796A5B559C}.Release|Any CPU.Build.0 = Release|Any CPU
		{4BA1ECCD-6D7C-43BB-978D-091FB09506A2}.Debug|Any CPU.ActiveCfg = Debug|Any CPU
		{4BA1ECCD-6D7C-43BB-978D-091FB09506A2}.Debug|Any CPU.Build.0 = Debug|Any CPU
		{4BA1ECCD-6D7C-43BB-978D-091FB09506A2}.Release|Any CPU.ActiveCfg = Release|Any CPU
		{4BA1ECCD-6D7C-43BB-978D-091FB09506A2}.Release|Any CPU.Build.0 = Release|Any CPU
		{3BA8C481-9C52-40C2-B7A6-5A29D23E2659}.Debug|Any CPU.ActiveCfg = Debug|Any CPU
		{3BA8C481-9C52-40C2-B7A6-5A29D23E2659}.Debug|Any CPU.Build.0 = Debug|Any CPU
		{3BA8C481-9C52-40C2-B7A6-5A29D23E2659}.Release|Any CPU.ActiveCfg = Release|Any CPU
		{3BA8C481-9C52-40C2-B7A6-5A29D23E2659}.Release|Any CPU.Build.0 = Release|Any CPU
		{036E3C69-0384-45D1-8391-E2E934542206}.Debug|Any CPU.ActiveCfg = Debug|Any CPU
		{036E3C69-0384-45D1-8391-E2E934542206}.Debug|Any CPU.Build.0 = Debug|Any CPU
		{036E3C69-0384-45D1-8391-E2E934542206}.Release|Any CPU.ActiveCfg = Release|Any CPU
		{036E3C69-0384-45D1-8391-E2E934542206}.Release|Any CPU.Build.0 = Release|Any CPU
		{3774B2A5-EDEF-4DCE-887A-24F13D692C9B}.Debug|Any CPU.ActiveCfg = Debug|Any CPU
		{3774B2A5-EDEF-4DCE-887A-24F13D692C9B}.Debug|Any CPU.Build.0 = Debug|Any CPU
		{3774B2A5-EDEF-4DCE-887A-24F13D692C9B}.Release|Any CPU.ActiveCfg = Release|Any CPU
		{3774B2A5-EDEF-4DCE-887A-24F13D692C9B}.Release|Any CPU.Build.0 = Release|Any CPU
		{781FEA55-6D11-431F-A0D2-8E6F662D5211}.Debug|Any CPU.ActiveCfg = Debug|Any CPU
		{781FEA55-6D11-431F-A0D2-8E6F662D5211}.Debug|Any CPU.Build.0 = Debug|Any CPU
		{781FEA55-6D11-431F-A0D2-8E6F662D5211}.Release|Any CPU.ActiveCfg = Release|Any CPU
		{781FEA55-6D11-431F-A0D2-8E6F662D5211}.Release|Any CPU.Build.0 = Release|Any CPU
		{CE494656-57A7-4B1A-A762-FDEEE0CBC1A9}.Debug|Any CPU.ActiveCfg = Debug|Any CPU
		{CE494656-57A7-4B1A-A762-FDEEE0CBC1A9}.Debug|Any CPU.Build.0 = Debug|Any CPU
		{CE494656-57A7-4B1A-A762-FDEEE0CBC1A9}.Release|Any CPU.ActiveCfg = Release|Any CPU
		{CE494656-57A7-4B1A-A762-FDEEE0CBC1A9}.Release|Any CPU.Build.0 = Release|Any CPU
	EndGlobalSection
	GlobalSection(SolutionProperties) = preSolution
		HideSolutionNode = FALSE
	EndGlobalSection
	GlobalSection(NestedProjects) = preSolution
		{E812E143-5508-4715-A545-F4FBB2A88359} = {AB546BB2-E106-46E2-B159-94F83F315C08}
		{141A894B-B936-45CE-A687-1470AECAC86B} = {C5AA9B72-ED58-40B7-BCDE-B72929CB781C}
		{2077BD86-8D0B-48DF-A531-C352CC5AE64D} = {5C362B23-8D3A-4A34-A664-F029524880D6}
		{BEF50A78-B645-4A17-93BF-1B4836DBB5A6} = {20431B56-480D-462E-A720-17916BC26CE4}
		{9C8FCE93-DD43-4DAA-BA8D-BE4A09A1B737} = {8680D5C8-457A-4EE8-9F18-518F4120A2FE}
		{9378E7AF-1830-4AE1-AC8F-91AC4D06ACA2} = {CD83C71B-2163-4E92-8F0B-A044082D8E03}
		{36472FFE-597B-44B1-A47C-7B147F4EA12F} = {5E968FB3-8803-494A-8624-888BD03AD9C3}
		{CA49C44C-EFE1-4C7E-AEE8-1DD9421E077A} = {20431B56-480D-462E-A720-17916BC26CE4}
		{20431B56-480D-462E-A720-17916BC26CE4} = {CF97AA6C-DEC8-4A88-95E5-5C37C178EB1F}
		{5E968FB3-8803-494A-8624-888BD03AD9C3} = {CF97AA6C-DEC8-4A88-95E5-5C37C178EB1F}
		{9C701483-52FA-43B2-B3DD-64796A5B559C} = {5E968FB3-8803-494A-8624-888BD03AD9C3}
		{4BA1ECCD-6D7C-43BB-978D-091FB09506A2} = {5C362B23-8D3A-4A34-A664-F029524880D6}
		{3BA8C481-9C52-40C2-B7A6-5A29D23E2659} = {5C362B23-8D3A-4A34-A664-F029524880D6}
		{036E3C69-0384-45D1-8391-E2E934542206} = {20431B56-480D-462E-A720-17916BC26CE4}
		{3774B2A5-EDEF-4DCE-887A-24F13D692C9B} = {5C362B23-8D3A-4A34-A664-F029524880D6}
		{781FEA55-6D11-431F-A0D2-8E6F662D5211} = {5C362B23-8D3A-4A34-A664-F029524880D6}
		{CE494656-57A7-4B1A-A762-FDEEE0CBC1A9} = {5C362B23-8D3A-4A34-A664-F029524880D6}
	EndGlobalSection
	GlobalSection(ExtensibilityGlobals) = postSolution
		SolutionGuid = {EA0BD5B5-8D45-4E19-9074-25B0B1D762B7}
	EndGlobalSection
EndGlobal
